// !$*UTF8*$!
{
	archiveVersion = 1;
	classes = {
	};
	objectVersion = 46;
	objects = {

/* Begin PBXBuildFile section */
		183B652A1895F38E006DEF52 /* responses.json in Resources */ = {isa = PBXBuildFile; fileRef = 183B65291895F38E006DEF52 /* responses.json */; };
		18C6E279189643C600A63309 /* parameters.json in Resources */ = {isa = PBXBuildFile; fileRef = 18C6E278189643C600A63309 /* parameters.json */; };
		18C6E27B1896494000A63309 /* simplest_api.json in Resources */ = {isa = PBXBuildFile; fileRef = 18C6E27A1896494000A63309 /* simplest_api.json */; };
		BC46BD5AD95B4F649648B51B /* libPods-CVAPIBlueprintStubsDemoTests.a in Frameworks */ = {isa = PBXBuildFile; fileRef = D75A470D5AE84A8E96E3C966 /* libPods-CVAPIBlueprintStubsDemoTests.a */; };
		BDB6CADD1895B2CF001C2E2A /* Foundation.framework in Frameworks */ = {isa = PBXBuildFile; fileRef = BDB6CADC1895B2CF001C2E2A /* Foundation.framework */; };
		BDB6CADF1895B2CF001C2E2A /* CoreGraphics.framework in Frameworks */ = {isa = PBXBuildFile; fileRef = BDB6CADE1895B2CF001C2E2A /* CoreGraphics.framework */; };
		BDB6CAE11895B2CF001C2E2A /* UIKit.framework in Frameworks */ = {isa = PBXBuildFile; fileRef = BDB6CAE01895B2CF001C2E2A /* UIKit.framework */; };
		BDB6CAE71895B2CF001C2E2A /* InfoPlist.strings in Resources */ = {isa = PBXBuildFile; fileRef = BDB6CAE51895B2CF001C2E2A /* InfoPlist.strings */; };
		BDB6CAE91895B2CF001C2E2A /* main.m in Sources */ = {isa = PBXBuildFile; fileRef = BDB6CAE81895B2CF001C2E2A /* main.m */; };
		BDB6CAED1895B2CF001C2E2A /* CVAppDelegate.m in Sources */ = {isa = PBXBuildFile; fileRef = BDB6CAEC1895B2CF001C2E2A /* CVAppDelegate.m */; };
		BDB6CAEF1895B2CF001C2E2A /* Images.xcassets in Resources */ = {isa = PBXBuildFile; fileRef = BDB6CAEE1895B2CF001C2E2A /* Images.xcassets */; };
		BDB6CAF61895B2CF001C2E2A /* XCTest.framework in Frameworks */ = {isa = PBXBuildFile; fileRef = BDB6CAF51895B2CF001C2E2A /* XCTest.framework */; };
		BDB6CAF71895B2CF001C2E2A /* Foundation.framework in Frameworks */ = {isa = PBXBuildFile; fileRef = BDB6CADC1895B2CF001C2E2A /* Foundation.framework */; };
		BDB6CAF81895B2CF001C2E2A /* UIKit.framework in Frameworks */ = {isa = PBXBuildFile; fileRef = BDB6CAE01895B2CF001C2E2A /* UIKit.framework */; };
		BDB6CB001895B2CF001C2E2A /* InfoPlist.strings in Resources */ = {isa = PBXBuildFile; fileRef = BDB6CAFE1895B2CF001C2E2A /* InfoPlist.strings */; };
		BDB6CB021895B2CF001C2E2A /* CVAPIBlueprintStubsDemoTests.m in Sources */ = {isa = PBXBuildFile; fileRef = BDB6CB011895B2CF001C2E2A /* CVAPIBlueprintStubsDemoTests.m */; };
		CF0219D8CE874CC491EA11CE /* libPods-CVAPIBlueprintStubsDemo.a in Frameworks */ = {isa = PBXBuildFile; fileRef = 0323CF49C7C24532AD50B493 /* libPods-CVAPIBlueprintStubsDemo.a */; };
		FB773134E91F44B09888DB09 /* libPods.a in Frameworks */ = {isa = PBXBuildFile; fileRef = ABFAE0E7F4FA4AE9B5EB7CB1 /* libPods.a */; };
/* End PBXBuildFile section */

/* Begin PBXContainerItemProxy section */
		BDB6CAF91895B2CF001C2E2A /* PBXContainerItemProxy */ = {
			isa = PBXContainerItemProxy;
			containerPortal = BDB6CAD11895B2CF001C2E2A /* Project object */;
			proxyType = 1;
			remoteGlobalIDString = BDB6CAD81895B2CF001C2E2A;
			remoteInfo = CVAPIBlueprintStubsDemo;
		};
/* End PBXContainerItemProxy section */

/* Begin PBXFileReference section */
		0323CF49C7C24532AD50B493 /* libPods-CVAPIBlueprintStubsDemo.a */ = {isa = PBXFileReference; explicitFileType = archive.ar; includeInIndex = 0; path = "libPods-CVAPIBlueprintStubsDemo.a"; sourceTree = BUILT_PRODUCTS_DIR; };
		183B65291895F38E006DEF52 /* responses.json */ = {isa = PBXFileReference; fileEncoding = 4; lastKnownFileType = text.json; path = responses.json; sourceTree = "<group>"; };
		18C6E278189643C600A63309 /* parameters.json */ = {isa = PBXFileReference; fileEncoding = 4; lastKnownFileType = text.json; path = parameters.json; sourceTree = "<group>"; };
		18C6E27A1896494000A63309 /* simplest_api.json */ = {isa = PBXFileReference; fileEncoding = 4; lastKnownFileType = text.json; path = simplest_api.json; sourceTree = "<group>"; };
		2334CD78873148D68DB96D2A /* Pods.xcconfig */ = {isa = PBXFileReference; includeInIndex = 1; lastKnownFileType = text.xcconfig; name = Pods.xcconfig; path = ../Pods/Pods.xcconfig; sourceTree = "<group>"; };
		36B8BC34CBAA4B298968F90A /* Pods-CVAPIBlueprintStubsDemo.xcconfig */ = {isa = PBXFileReference; includeInIndex = 1; lastKnownFileType = text.xcconfig; name = "Pods-CVAPIBlueprintStubsDemo.xcconfig"; path = "../Pods/Pods-CVAPIBlueprintStubsDemo.xcconfig"; sourceTree = "<group>"; };
		ABFAE0E7F4FA4AE9B5EB7CB1 /* libPods.a */ = {isa = PBXFileReference; explicitFileType = archive.ar; includeInIndex = 0; path = libPods.a; sourceTree = BUILT_PRODUCTS_DIR; };
		BDB6CAD91895B2CF001C2E2A /* CVAPIBlueprintStubsDemo.app */ = {isa = PBXFileReference; explicitFileType = wrapper.application; includeInIndex = 0; path = CVAPIBlueprintStubsDemo.app; sourceTree = BUILT_PRODUCTS_DIR; };
		BDB6CADC1895B2CF001C2E2A /* Foundation.framework */ = {isa = PBXFileReference; lastKnownFileType = wrapper.framework; name = Foundation.framework; path = System/Library/Frameworks/Foundation.framework; sourceTree = SDKROOT; };
		BDB6CADE1895B2CF001C2E2A /* CoreGraphics.framework */ = {isa = PBXFileReference; lastKnownFileType = wrapper.framework; name = CoreGraphics.framework; path = System/Library/Frameworks/CoreGraphics.framework; sourceTree = SDKROOT; };
		BDB6CAE01895B2CF001C2E2A /* UIKit.framework */ = {isa = PBXFileReference; lastKnownFileType = wrapper.framework; name = UIKit.framework; path = System/Library/Frameworks/UIKit.framework; sourceTree = SDKROOT; };
		BDB6CAE41895B2CF001C2E2A /* CVAPIBlueprintStubsDemo-Info.plist */ = {isa = PBXFileReference; lastKnownFileType = text.plist.xml; path = "CVAPIBlueprintStubsDemo-Info.plist"; sourceTree = "<group>"; };
		BDB6CAE61895B2CF001C2E2A /* en */ = {isa = PBXFileReference; lastKnownFileType = text.plist.strings; name = en; path = en.lproj/InfoPlist.strings; sourceTree = "<group>"; };
		BDB6CAE81895B2CF001C2E2A /* main.m */ = {isa = PBXFileReference; lastKnownFileType = sourcecode.c.objc; path = main.m; sourceTree = "<group>"; };
		BDB6CAEA1895B2CF001C2E2A /* CVAPIBlueprintStubsDemo-Prefix.pch */ = {isa = PBXFileReference; lastKnownFileType = sourcecode.c.h; path = "CVAPIBlueprintStubsDemo-Prefix.pch"; sourceTree = "<group>"; };
		BDB6CAEB1895B2CF001C2E2A /* CVAppDelegate.h */ = {isa = PBXFileReference; lastKnownFileType = sourcecode.c.h; path = CVAppDelegate.h; sourceTree = "<group>"; };
		BDB6CAEC1895B2CF001C2E2A /* CVAppDelegate.m */ = {isa = PBXFileReference; lastKnownFileType = sourcecode.c.objc; path = CVAppDelegate.m; sourceTree = "<group>"; };
		BDB6CAEE1895B2CF001C2E2A /* Images.xcassets */ = {isa = PBXFileReference; lastKnownFileType = folder.assetcatalog; path = Images.xcassets; sourceTree = "<group>"; };
		BDB6CAF41895B2CF001C2E2A /* CVAPIBlueprintStubsDemoTests.xctest */ = {isa = PBXFileReference; explicitFileType = wrapper.cfbundle; includeInIndex = 0; path = CVAPIBlueprintStubsDemoTests.xctest; sourceTree = BUILT_PRODUCTS_DIR; };
		BDB6CAF51895B2CF001C2E2A /* XCTest.framework */ = {isa = PBXFileReference; lastKnownFileType = wrapper.framework; name = XCTest.framework; path = Library/Frameworks/XCTest.framework; sourceTree = DEVELOPER_DIR; };
		BDB6CAFD1895B2CF001C2E2A /* CVAPIBlueprintStubsDemoTests-Info.plist */ = {isa = PBXFileReference; lastKnownFileType = text.plist.xml; path = "CVAPIBlueprintStubsDemoTests-Info.plist"; sourceTree = "<group>"; };
		BDB6CAFF1895B2CF001C2E2A /* en */ = {isa = PBXFileReference; lastKnownFileType = text.plist.strings; name = en; path = en.lproj/InfoPlist.strings; sourceTree = "<group>"; };
		BDB6CB011895B2CF001C2E2A /* CVAPIBlueprintStubsDemoTests.m */ = {isa = PBXFileReference; lastKnownFileType = sourcecode.c.objc; path = CVAPIBlueprintStubsDemoTests.m; sourceTree = "<group>"; };
		D75A470D5AE84A8E96E3C966 /* libPods-CVAPIBlueprintStubsDemoTests.a */ = {isa = PBXFileReference; explicitFileType = archive.ar; includeInIndex = 0; path = "libPods-CVAPIBlueprintStubsDemoTests.a"; sourceTree = BUILT_PRODUCTS_DIR; };
		DF3EABB0982B415FAA7D5026 /* Pods-CVAPIBlueprintStubsDemoTests.xcconfig */ = {isa = PBXFileReference; includeInIndex = 1; lastKnownFileType = text.xcconfig; name = "Pods-CVAPIBlueprintStubsDemoTests.xcconfig"; path = "../Pods/Pods-CVAPIBlueprintStubsDemoTests.xcconfig"; sourceTree = "<group>"; };
/* End PBXFileReference section */

/* Begin PBXFrameworksBuildPhase section */
		BDB6CAD61895B2CF001C2E2A /* Frameworks */ = {
			isa = PBXFrameworksBuildPhase;
			buildActionMask = 2147483647;
			files = (
				BDB6CADF1895B2CF001C2E2A /* CoreGraphics.framework in Frameworks */,
				BDB6CAE11895B2CF001C2E2A /* UIKit.framework in Frameworks */,
				BDB6CADD1895B2CF001C2E2A /* Foundation.framework in Frameworks */,
				FB773134E91F44B09888DB09 /* libPods.a in Frameworks */,
				CF0219D8CE874CC491EA11CE /* libPods-CVAPIBlueprintStubsDemo.a in Frameworks */,
			);
			runOnlyForDeploymentPostprocessing = 0;
		};
		BDB6CAF11895B2CF001C2E2A /* Frameworks */ = {
			isa = PBXFrameworksBuildPhase;
			buildActionMask = 2147483647;
			files = (
				BDB6CAF61895B2CF001C2E2A /* XCTest.framework in Frameworks */,
				BDB6CAF81895B2CF001C2E2A /* UIKit.framework in Frameworks */,
				BDB6CAF71895B2CF001C2E2A /* Foundation.framework in Frameworks */,
				BC46BD5AD95B4F649648B51B /* libPods-CVAPIBlueprintStubsDemoTests.a in Frameworks */,
			);
			runOnlyForDeploymentPostprocessing = 0;
		};
/* End PBXFrameworksBuildPhase section */

/* Begin PBXGroup section */
		BDB6CAD01895B2CF001C2E2A = {
			isa = PBXGroup;
			children = (
				BDB6CAE21895B2CF001C2E2A /* CVAPIBlueprintStubsDemo */,
				BDB6CAFB1895B2CF001C2E2A /* CVAPIBlueprintStubsDemoTests */,
				BDB6CADB1895B2CF001C2E2A /* Frameworks */,
				BDB6CADA1895B2CF001C2E2A /* Products */,
				2334CD78873148D68DB96D2A /* Pods.xcconfig */,
				36B8BC34CBAA4B298968F90A /* Pods-CVAPIBlueprintStubsDemo.xcconfig */,
				DF3EABB0982B415FAA7D5026 /* Pods-CVAPIBlueprintStubsDemoTests.xcconfig */,
			);
			sourceTree = "<group>";
		};
		BDB6CADA1895B2CF001C2E2A /* Products */ = {
			isa = PBXGroup;
			children = (
				BDB6CAD91895B2CF001C2E2A /* CVAPIBlueprintStubsDemo.app */,
				BDB6CAF41895B2CF001C2E2A /* CVAPIBlueprintStubsDemoTests.xctest */,
			);
			name = Products;
			sourceTree = "<group>";
		};
		BDB6CADB1895B2CF001C2E2A /* Frameworks */ = {
			isa = PBXGroup;
			children = (
				BDB6CADC1895B2CF001C2E2A /* Foundation.framework */,
				BDB6CADE1895B2CF001C2E2A /* CoreGraphics.framework */,
				BDB6CAE01895B2CF001C2E2A /* UIKit.framework */,
				BDB6CAF51895B2CF001C2E2A /* XCTest.framework */,
				ABFAE0E7F4FA4AE9B5EB7CB1 /* libPods.a */,
				0323CF49C7C24532AD50B493 /* libPods-CVAPIBlueprintStubsDemo.a */,
				D75A470D5AE84A8E96E3C966 /* libPods-CVAPIBlueprintStubsDemoTests.a */,
			);
			name = Frameworks;
			sourceTree = "<group>";
		};
		BDB6CAE21895B2CF001C2E2A /* CVAPIBlueprintStubsDemo */ = {
			isa = PBXGroup;
			children = (
				BDB6CAEB1895B2CF001C2E2A /* CVAppDelegate.h */,
				BDB6CAEC1895B2CF001C2E2A /* CVAppDelegate.m */,
				BDB6CAEE1895B2CF001C2E2A /* Images.xcassets */,
				BDB6CAE31895B2CF001C2E2A /* Supporting Files */,
			);
			path = CVAPIBlueprintStubsDemo;
			sourceTree = "<group>";
		};
		BDB6CAE31895B2CF001C2E2A /* Supporting Files */ = {
			isa = PBXGroup;
			children = (
				BDB6CAE41895B2CF001C2E2A /* CVAPIBlueprintStubsDemo-Info.plist */,
				BDB6CAE51895B2CF001C2E2A /* InfoPlist.strings */,
				BDB6CAE81895B2CF001C2E2A /* main.m */,
				BDB6CAEA1895B2CF001C2E2A /* CVAPIBlueprintStubsDemo-Prefix.pch */,
			);
			name = "Supporting Files";
			sourceTree = "<group>";
		};
		BDB6CAFB1895B2CF001C2E2A /* CVAPIBlueprintStubsDemoTests */ = {
			isa = PBXGroup;
			children = (
				BDB6CB011895B2CF001C2E2A /* CVAPIBlueprintStubsDemoTests.m */,
				BDB6CAFC1895B2CF001C2E2A /* Supporting Files */,
			);
			path = CVAPIBlueprintStubsDemoTests;
			sourceTree = "<group>";
		};
		BDB6CAFC1895B2CF001C2E2A /* Supporting Files */ = {
			isa = PBXGroup;
			children = (
				18C6E27A1896494000A63309 /* simplest_api.json */,
				18C6E278189643C600A63309 /* parameters.json */,
				183B65291895F38E006DEF52 /* responses.json */,
				BDB6CAFD1895B2CF001C2E2A /* CVAPIBlueprintStubsDemoTests-Info.plist */,
				BDB6CAFE1895B2CF001C2E2A /* InfoPlist.strings */,
			);
			name = "Supporting Files";
			sourceTree = "<group>";
		};
/* End PBXGroup section */

/* Begin PBXNativeTarget section */
		BDB6CAD81895B2CF001C2E2A /* CVAPIBlueprintStubsDemo */ = {
			isa = PBXNativeTarget;
			buildConfigurationList = BDB6CB051895B2CF001C2E2A /* Build configuration list for PBXNativeTarget "CVAPIBlueprintStubsDemo" */;
			buildPhases = (
				7C0111BEBE4D4A359684AC41 /* Check Pods Manifest.lock */,
				BDB6CAD51895B2CF001C2E2A /* Sources */,
				BDB6CAD61895B2CF001C2E2A /* Frameworks */,
				BDB6CAD71895B2CF001C2E2A /* Resources */,
				2271317D04AD4E1FB80C3450 /* Copy Pods Resources */,
			);
			buildRules = (
			);
			dependencies = (
			);
			name = CVAPIBlueprintStubsDemo;
			productName = CVAPIBlueprintStubsDemo;
			productReference = BDB6CAD91895B2CF001C2E2A /* CVAPIBlueprintStubsDemo.app */;
			productType = "com.apple.product-type.application";
		};
		BDB6CAF31895B2CF001C2E2A /* CVAPIBlueprintStubsDemoTests */ = {
			isa = PBXNativeTarget;
			buildConfigurationList = BDB6CB081895B2CF001C2E2A /* Build configuration list for PBXNativeTarget "CVAPIBlueprintStubsDemoTests" */;
			buildPhases = (
				566221D8855C4AB4989B0C9E /* Check Pods Manifest.lock */,
				BDB6CAF01895B2CF001C2E2A /* Sources */,
				BDB6CAF11895B2CF001C2E2A /* Frameworks */,
				BDB6CAF21895B2CF001C2E2A /* Resources */,
				22347B5091394E44B6318A0B /* Copy Pods Resources */,
			);
			buildRules = (
			);
			dependencies = (
				BDB6CAFA1895B2CF001C2E2A /* PBXTargetDependency */,
			);
			name = CVAPIBlueprintStubsDemoTests;
			productName = CVAPIBlueprintStubsDemoTests;
			productReference = BDB6CAF41895B2CF001C2E2A /* CVAPIBlueprintStubsDemoTests.xctest */;
			productType = "com.apple.product-type.bundle.unit-test";
		};
/* End PBXNativeTarget section */

/* Begin PBXProject section */
		BDB6CAD11895B2CF001C2E2A /* Project object */ = {
			isa = PBXProject;
			attributes = {
				CLASSPREFIX = CV;
				LastUpgradeCheck = 0500;
				ORGANIZATIONNAME = CodingVentures;
				TargetAttributes = {
					BDB6CAF31895B2CF001C2E2A = {
						TestTargetID = BDB6CAD81895B2CF001C2E2A;
					};
				};
			};
			buildConfigurationList = BDB6CAD41895B2CF001C2E2A /* Build configuration list for PBXProject "CVAPIBlueprintStubsDemo" */;
			compatibilityVersion = "Xcode 3.2";
			developmentRegion = English;
			hasScannedForEncodings = 0;
			knownRegions = (
				en,
			);
			mainGroup = BDB6CAD01895B2CF001C2E2A;
			productRefGroup = BDB6CADA1895B2CF001C2E2A /* Products */;
			projectDirPath = "";
			projectRoot = "";
			targets = (
				BDB6CAD81895B2CF001C2E2A /* CVAPIBlueprintStubsDemo */,
				BDB6CAF31895B2CF001C2E2A /* CVAPIBlueprintStubsDemoTests */,
			);
		};
/* End PBXProject section */

/* Begin PBXResourcesBuildPhase section */
		BDB6CAD71895B2CF001C2E2A /* Resources */ = {
			isa = PBXResourcesBuildPhase;
			buildActionMask = 2147483647;
			files = (
				BDB6CAE71895B2CF001C2E2A /* InfoPlist.strings in Resources */,
				BDB6CAEF1895B2CF001C2E2A /* Images.xcassets in Resources */,
			);
			runOnlyForDeploymentPostprocessing = 0;
		};
		BDB6CAF21895B2CF001C2E2A /* Resources */ = {
			isa = PBXResourcesBuildPhase;
			buildActionMask = 2147483647;
			files = (
				18C6E279189643C600A63309 /* parameters.json in Resources */,
				183B652A1895F38E006DEF52 /* responses.json in Resources */,
				BDB6CB001895B2CF001C2E2A /* InfoPlist.strings in Resources */,
				18C6E27B1896494000A63309 /* simplest_api.json in Resources */,
			);
			runOnlyForDeploymentPostprocessing = 0;
		};
/* End PBXResourcesBuildPhase section */

/* Begin PBXShellScriptBuildPhase section */
		22347B5091394E44B6318A0B /* Copy Pods Resources */ = {
			isa = PBXShellScriptBuildPhase;
			buildActionMask = 2147483647;
			files = (
			);
			inputPaths = (
			);
			name = "Copy Pods Resources";
			outputPaths = (
			);
			runOnlyForDeploymentPostprocessing = 0;
			shellPath = /bin/sh;
			shellScript = "\"${SRCROOT}/../Pods/Pods-CVAPIBlueprintStubsDemoTests-resources.sh\"\n";
			showEnvVarsInLog = 0;
		};
		2271317D04AD4E1FB80C3450 /* Copy Pods Resources */ = {
			isa = PBXShellScriptBuildPhase;
			buildActionMask = 2147483647;
			files = (
			);
			inputPaths = (
			);
			name = "Copy Pods Resources";
			outputPaths = (
			);
			runOnlyForDeploymentPostprocessing = 0;
			shellPath = /bin/sh;
			shellScript = "\"${SRCROOT}/../Pods/Pods-CVAPIBlueprintStubsDemo-resources.sh\"\n";
			showEnvVarsInLog = 0;
		};
		566221D8855C4AB4989B0C9E /* Check Pods Manifest.lock */ = {
			isa = PBXShellScriptBuildPhase;
			buildActionMask = 2147483647;
			files = (
			);
			inputPaths = (
			);
			name = "Check Pods Manifest.lock";
			outputPaths = (
			);
			runOnlyForDeploymentPostprocessing = 0;
			shellPath = /bin/sh;
			shellScript = "diff \"${PODS_ROOT}/../Podfile.lock\" \"${PODS_ROOT}/Manifest.lock\" > /dev/null\nif [[ $? != 0 ]] ; then\n    cat << EOM\nerror: The sandbox is not in sync with the Podfile.lock. Run 'pod install' or update your CocoaPods installation.\nEOM\n    exit 1\nfi\n";
			showEnvVarsInLog = 0;
		};
		7C0111BEBE4D4A359684AC41 /* Check Pods Manifest.lock */ = {
			isa = PBXShellScriptBuildPhase;
			buildActionMask = 2147483647;
			files = (
			);
			inputPaths = (
			);
			name = "Check Pods Manifest.lock";
			outputPaths = (
			);
			runOnlyForDeploymentPostprocessing = 0;
			shellPath = /bin/sh;
			shellScript = "diff \"${PODS_ROOT}/../Podfile.lock\" \"${PODS_ROOT}/Manifest.lock\" > /dev/null\nif [[ $? != 0 ]] ; then\n    cat << EOM\nerror: The sandbox is not in sync with the Podfile.lock. Run 'pod install' or update your CocoaPods installation.\nEOM\n    exit 1\nfi\n";
			showEnvVarsInLog = 0;
		};
/* End PBXShellScriptBuildPhase section */

/* Begin PBXSourcesBuildPhase section */
		BDB6CAD51895B2CF001C2E2A /* Sources */ = {
			isa = PBXSourcesBuildPhase;
			buildActionMask = 2147483647;
			files = (
				BDB6CAE91895B2CF001C2E2A /* main.m in Sources */,
				BDB6CAED1895B2CF001C2E2A /* CVAppDelegate.m in Sources */,
			);
			runOnlyForDeploymentPostprocessing = 0;
		};
		BDB6CAF01895B2CF001C2E2A /* Sources */ = {
			isa = PBXSourcesBuildPhase;
			buildActionMask = 2147483647;
			files = (
				BDB6CB021895B2CF001C2E2A /* CVAPIBlueprintStubsDemoTests.m in Sources */,
			);
			runOnlyForDeploymentPostprocessing = 0;
		};
/* End PBXSourcesBuildPhase section */

/* Begin PBXTargetDependency section */
		BDB6CAFA1895B2CF001C2E2A /* PBXTargetDependency */ = {
			isa = PBXTargetDependency;
			target = BDB6CAD81895B2CF001C2E2A /* CVAPIBlueprintStubsDemo */;
			targetProxy = BDB6CAF91895B2CF001C2E2A /* PBXContainerItemProxy */;
		};
/* End PBXTargetDependency section */

/* Begin PBXVariantGroup section */
		BDB6CAE51895B2CF001C2E2A /* InfoPlist.strings */ = {
			isa = PBXVariantGroup;
			children = (
				BDB6CAE61895B2CF001C2E2A /* en */,
			);
			name = InfoPlist.strings;
			sourceTree = "<group>";
		};
		BDB6CAFE1895B2CF001C2E2A /* InfoPlist.strings */ = {
			isa = PBXVariantGroup;
			children = (
				BDB6CAFF1895B2CF001C2E2A /* en */,
			);
			name = InfoPlist.strings;
			sourceTree = "<group>";
		};
/* End PBXVariantGroup section */

/* Begin XCBuildConfiguration section */
		BDB6CB031895B2CF001C2E2A /* Debug */ = {
			isa = XCBuildConfiguration;
			buildSettings = {
				ALWAYS_SEARCH_USER_PATHS = NO;
				ARCHS = "$(ARCHS_STANDARD_INCLUDING_64_BIT)";
				CLANG_CXX_LANGUAGE_STANDARD = "gnu++0x";
				CLANG_CXX_LIBRARY = "libc++";
				CLANG_ENABLE_MODULES = YES;
				CLANG_ENABLE_OBJC_ARC = YES;
				CLANG_WARN_BOOL_CONVERSION = YES;
				CLANG_WARN_CONSTANT_CONVERSION = YES;
				CLANG_WARN_DIRECT_OBJC_ISA_USAGE = YES_ERROR;
				CLANG_WARN_EMPTY_BODY = YES;
				CLANG_WARN_ENUM_CONVERSION = YES;
				CLANG_WARN_INT_CONVERSION = YES;
				CLANG_WARN_OBJC_ROOT_CLASS = YES_ERROR;
				CLANG_WARN__DUPLICATE_METHOD_MATCH = YES;
				"CODE_SIGN_IDENTITY[sdk=iphoneos*]" = "iPhone Developer";
				COPY_PHASE_STRIP = NO;
				GCC_C_LANGUAGE_STANDARD = gnu99;
				GCC_DYNAMIC_NO_PIC = NO;
				GCC_OPTIMIZATION_LEVEL = 0;
				GCC_PREPROCESSOR_DEFINITIONS = (
					"DEBUG=1",
					"$(inherited)",
				);
				GCC_SYMBOLS_PRIVATE_EXTERN = NO;
				GCC_WARN_64_TO_32_BIT_CONVERSION = YES;
				GCC_WARN_ABOUT_RETURN_TYPE = YES_ERROR;
				GCC_WARN_UNDECLARED_SELECTOR = YES;
				GCC_WARN_UNINITIALIZED_AUTOS = YES;
				GCC_WARN_UNUSED_FUNCTION = YES;
				GCC_WARN_UNUSED_VARIABLE = YES;
				IPHONEOS_DEPLOYMENT_TARGET = 7.0;
				ONLY_ACTIVE_ARCH = YES;
				SDKROOT = iphoneos;
			};
			name = Debug;
		};
		BDB6CB041895B2CF001C2E2A /* Release */ = {
			isa = XCBuildConfiguration;
			buildSettings = {
				ALWAYS_SEARCH_USER_PATHS = NO;
				ARCHS = "$(ARCHS_STANDARD_INCLUDING_64_BIT)";
				CLANG_CXX_LANGUAGE_STANDARD = "gnu++0x";
				CLANG_CXX_LIBRARY = "libc++";
				CLANG_ENABLE_MODULES = YES;
				CLANG_ENABLE_OBJC_ARC = YES;
				CLANG_WARN_BOOL_CONVERSION = YES;
				CLANG_WARN_CONSTANT_CONVERSION = YES;
				CLANG_WARN_DIRECT_OBJC_ISA_USAGE = YES_ERROR;
				CLANG_WARN_EMPTY_BODY = YES;
				CLANG_WARN_ENUM_CONVERSION = YES;
				CLANG_WARN_INT_CONVERSION = YES;
				CLANG_WARN_OBJC_ROOT_CLASS = YES_ERROR;
				CLANG_WARN__DUPLICATE_METHOD_MATCH = YES;
				"CODE_SIGN_IDENTITY[sdk=iphoneos*]" = "iPhone Developer";
				COPY_PHASE_STRIP = YES;
				ENABLE_NS_ASSERTIONS = NO;
				GCC_C_LANGUAGE_STANDARD = gnu99;
				GCC_WARN_64_TO_32_BIT_CONVERSION = YES;
				GCC_WARN_ABOUT_RETURN_TYPE = YES_ERROR;
				GCC_WARN_UNDECLARED_SELECTOR = YES;
				GCC_WARN_UNINITIALIZED_AUTOS = YES;
				GCC_WARN_UNUSED_FUNCTION = YES;
				GCC_WARN_UNUSED_VARIABLE = YES;
				IPHONEOS_DEPLOYMENT_TARGET = 7.0;
				SDKROOT = iphoneos;
				VALIDATE_PRODUCT = YES;
			};
			name = Release;
		};
		BDB6CB061895B2CF001C2E2A /* Debug */ = {
			isa = XCBuildConfiguration;
			baseConfigurationReference = 36B8BC34CBAA4B298968F90A /* Pods-CVAPIBlueprintStubsDemo.xcconfig */;
			buildSettings = {
				ASSETCATALOG_COMPILER_APPICON_NAME = AppIcon;
				ASSETCATALOG_COMPILER_LAUNCHIMAGE_NAME = LaunchImage;
				GCC_PRECOMPILE_PREFIX_HEADER = YES;
				GCC_PREFIX_HEADER = "CVAPIBlueprintStubsDemo/CVAPIBlueprintStubsDemo-Prefix.pch";
				INFOPLIST_FILE = "CVAPIBlueprintStubsDemo/CVAPIBlueprintStubsDemo-Info.plist";
				PRODUCT_NAME = "$(TARGET_NAME)";
				WRAPPER_EXTENSION = app;
			};
			name = Debug;
		};
		BDB6CB071895B2CF001C2E2A /* Release */ = {
			isa = XCBuildConfiguration;
			baseConfigurationReference = 36B8BC34CBAA4B298968F90A /* Pods-CVAPIBlueprintStubsDemo.xcconfig */;
			buildSettings = {
				ASSETCATALOG_COMPILER_APPICON_NAME = AppIcon;
				ASSETCATALOG_COMPILER_LAUNCHIMAGE_NAME = LaunchImage;
				GCC_PRECOMPILE_PREFIX_HEADER = YES;
				GCC_PREFIX_HEADER = "CVAPIBlueprintStubsDemo/CVAPIBlueprintStubsDemo-Prefix.pch";
				INFOPLIST_FILE = "CVAPIBlueprintStubsDemo/CVAPIBlueprintStubsDemo-Info.plist";
				PRODUCT_NAME = "$(TARGET_NAME)";
				WRAPPER_EXTENSION = app;
			};
			name = Release;
		};
		BDB6CB091895B2CF001C2E2A /* Debug */ = {
			isa = XCBuildConfiguration;
			baseConfigurationReference = DF3EABB0982B415FAA7D5026 /* Pods-CVAPIBlueprintStubsDemoTests.xcconfig */;
			buildSettings = {
				ARCHS = "$(ARCHS_STANDARD_INCLUDING_64_BIT)";
				BUNDLE_LOADER = "$(BUILT_PRODUCTS_DIR)/CVAPIBlueprintStubsDemo.app/CVAPIBlueprintStubsDemo";
				FRAMEWORK_SEARCH_PATHS = (
					"$(SDKROOT)/Developer/Library/Frameworks",
					"$(inherited)",
					"$(DEVELOPER_FRAMEWORKS_DIR)",
				);
				GCC_PRECOMPILE_PREFIX_HEADER = YES;
				GCC_PREFIX_HEADER = "CVAPIBlueprintStubsDemo/CVAPIBlueprintStubsDemo-Prefix.pch";
				GCC_PREPROCESSOR_DEFINITIONS = (
					"DEBUG=1",
					"$(inherited)",
				);
				INFOPLIST_FILE = "CVAPIBlueprintStubsDemoTests/CVAPIBlueprintStubsDemoTests-Info.plist";
				PRODUCT_NAME = "$(TARGET_NAME)";
				TEST_HOST = "$(BUNDLE_LOADER)";
				WRAPPER_EXTENSION = xctest;
			};
			name = Debug;
		};
		BDB6CB0A1895B2CF001C2E2A /* Release */ = {
			isa = XCBuildConfiguration;
			baseConfigurationReference = DF3EABB0982B415FAA7D5026 /* Pods-CVAPIBlueprintStubsDemoTests.xcconfig */;
			buildSettings = {
				ARCHS = "$(ARCHS_STANDARD_INCLUDING_64_BIT)";
				BUNDLE_LOADER = "$(BUILT_PRODUCTS_DIR)/CVAPIBlueprintStubsDemo.app/CVAPIBlueprintStubsDemo";
				FRAMEWORK_SEARCH_PATHS = (
					"$(SDKROOT)/Developer/Library/Frameworks",
					"$(inherited)",
					"$(DEVELOPER_FRAMEWORKS_DIR)",
				);
				GCC_PRECOMPILE_PREFIX_HEADER = YES;
				GCC_PREFIX_HEADER = "CVAPIBlueprintStubsDemo/CVAPIBlueprintStubsDemo-Prefix.pch";
				INFOPLIST_FILE = "CVAPIBlueprintStubsDemoTests/CVAPIBlueprintStubsDemoTests-Info.plist";
				PRODUCT_NAME = "$(TARGET_NAME)";
				TEST_HOST = "$(BUNDLE_LOADER)";
				WRAPPER_EXTENSION = xctest;
			};
			name = Release;
		};
/* End XCBuildConfiguration section */

/* Begin XCConfigurationList section */
		BDB6CAD41895B2CF001C2E2A /* Build configuration list for PBXProject "CVAPIBlueprintStubsDemo" */ = {
			isa = XCConfigurationList;
			buildConfigurations = (
				BDB6CB031895B2CF001C2E2A /* Debug */,
				BDB6CB041895B2CF001C2E2A /* Release */,
			);
			defaultConfigurationIsVisible = 0;
			defaultConfigurationName = Release;
		};
		BDB6CB051895B2CF001C2E2A /* Build configuration list for PBXNativeTarget "CVAPIBlueprintStubsDemo" */ = {
			isa = XCConfigurationList;
			buildConfigurations = (
				BDB6CB061895B2CF001C2E2A /* Debug */,
				BDB6CB071895B2CF001C2E2A /* Release */,
			);
			defaultConfigurationIsVisible = 0;
			defaultConfigurationName = Release;
		};
		BDB6CB081895B2CF001C2E2A /* Build configuration list for PBXNativeTarget "CVAPIBlueprintStubsDemoTests" */ = {
			isa = XCConfigurationList;
			buildConfigurations = (
				BDB6CB091895B2CF001C2E2A /* Debug */,
				BDB6CB0A1895B2CF001C2E2A /* Release */,
			);
			defaultConfigurationIsVisible = 0;
			defaultConfigurationName = Release;
		};
/* End XCConfigurationList section */
	};
	rootObject = BDB6CAD11895B2CF001C2E2A /* Project object */;
}
